{
  "pins" : [
    {
      "identity" : "advancedswift",
      "kind" : "remoteSourceControl",
      "location" : "https://github.com/J0onYEong/AdvancedSwift.git",
      "state" : {
        "revision" : "533510c60f19714b386f63a32750156b99261607",
        "version" : "1.0.0"
      }
    },
    {
      "identity" : "simpleimageprovider",
      "kind" : "remoteSourceControl",
      "location" : "https://github.com/J0onYEong/SimpleImageProvider.git",
      "state" : {
        "revision" : "ed82281c436c9dd069dbfa7b2a9ee4d2b3656066",
        "version" : "1.0.3"
      }
    },
    {
      "identity" : "swiftstructures",
      "kind" : "remoteSourceControl",
      "location" : "https://github.com/J0onYEong/SwiftStructures.git",
      "state" : {
        "revision" : "6ecad4c566b84b609545af015028ac31305224db",
        "version" : "1.0.4"
      }
    },
    {
      "identity" : "swinject",
      "kind" : "remoteSourceControl",
      "location" : "https://github.com/Swinject/Swinject.git",
      "state" : {
        "revision" : "be9dbcc7b86811bc131539a20c6f9c2d3e56919f",
        "version" : "2.9.1"
      }
    }
  ],
  "version" : 2
}
