{
  "pins" : [
    {
      "identity" : "swiftstructures",
      "kind" : "remoteSourceControl",
      "location" : "https://github.com/J0onYEong/SwiftStructures.git",
      "state" : {
        "revision" : "b56738319525d2e9abb243ffb80fe9f85d7fb92c",
        "version" : "1.0.3"
      }
    },
    {
      "identity" : "swinject",
      "kind" : "remoteSourceControl",
      "location" : "https://github.com/Swinject/Swinject.git",
      "state" : {
        "revision" : "be9dbcc7b86811bc131539a20c6f9c2d3e56919f",
        "version" : "2.9.1"
      }
    }
  ],
  "version" : 2
}
